
Microsoft Visual Studio Solution File, Format Version 12.00
# Visual Studio 15
VisualStudioVersion = 15.0.35706.147
MinimumVisualStudioVersion = 10.0.40219.1
Project("{8BC9CEB8-8B4A-11D0-8D11-00A0C91BC942}") = "ch04", "ch04\ch04.vcxproj", "{9ED461CF-2EEF-4601-8C32-1C96CB185DBA}"
EndProject
Global
	GlobalSection(SolutionConfigurationPlatforms) = preSolution
		Debug|x64 = Debug|x64
		Debug|x86 = Debug|x86
		Release|x64 = Release|x64
		Release|x86 = Release|x86
	EndGlobalSection
	GlobalSection(ProjectConfigurationPlatforms) = postSolution
		{9ED461CF-2EEF-4601-8C32-1C96CB185DBA}.Debug|x64.ActiveCfg = Debug|x64
		{9ED461CF-2EEF-4601-8C32-1C96CB185DBA}.Debug|x64.Build.0 = Debug|x64
		{9ED461CF-2EEF-4601-8C32-1C96CB185DBA}.Debug|x86.ActiveCfg = Debug|Win32
		{9ED461CF-2EEF-4601-8C32-1C96CB185DBA}.Debug|x86.Build.0 = Debug|Win32
		{9ED461CF-2EEF-4601-8C32-1C96CB185DBA}.Release|x64.ActiveCfg = Release|x64
		{9ED461CF-2EEF-4601-8C32-1C96CB185DBA}.Release|x64.Build.0 = Release|x64
		{9ED461CF-2EEF-4601-8C32-1C96CB185DBA}.Release|x86.ActiveCfg = Release|Win32
		{9ED461CF-2EEF-4601-8C32-1C96CB185DBA}.Release|x86.Build.0 = Release|Win32
	EndGlobalSection
	GlobalSection(SolutionProperties) = preSolution
		HideSolutionNode = FALSE
	EndGlobalSection
	GlobalSection(ExtensibilityGlobals) = postSolution
		SolutionGuid = {C0BE00C2-707F-4534-AD5B-8000CD84D262}
	EndGlobalSection
EndGlobal
